{
  "originHash" : "87a6be979fc95f8f2e0fab79d3fa1fccd85ba2449a6d0775e98fd11926bb92b9",
  "pins" : [
    {
      "identity" : "mediaremote-adapter",
      "kind" : "remoteSourceControl",
      "location" : "https://github.com/ejbills/mediaremote-adapter.git",
      "state" : {
        "branch" : "master",
        "revision" : "5b6afde3f501a3da567e23bf7f23d562938a1809"
      }
    },
    {
      "identity" : "skylightwindow",
      "kind" : "remoteSourceControl",
      "location" : "https://github.com/Lakr233/SkyLightWindow",
      "state" : {
        "revision" : "b7bd99f62a0673a99bed4bfd31098ca1dcdd10eb",
        "version" : "1.0.0"
      }
    }
  ],
  "version" : 3
}
